
Microsoft Visual Studio Solution File, Format Version 12.00
# Visual Studio Version 16
VisualStudioVersion = 16.0.31727.386
MinimumVisualStudioVersion = 10.0.40219.1
Project("{8BC9CEB8-8B4A-11D0-8D11-00A0C91BC942}") = "INTERVALLES", "INTERVALLES\INTERVALLES.vcxproj", "{4FB2B4CD-6787-4DC1-9C83-8E6C42A60C82}"
EndProject
Global
	GlobalSection(SolutionConfigurationPlatforms) = preSolution
		Debug|x64 = Debug|x64
		Debug|x86 = Debug|x86
		Release|x64 = Release|x64
		Release|x86 = Release|x86
	EndGlobalSection
	GlobalSection(ProjectConfigurationPlatforms) = postSolution
		{4FB2B4CD-6787-4DC1-9C83-8E6C42A60C82}.Debug|x64.ActiveCfg = Debug|x64
		{4FB2B4CD-6787-4DC1-9C83-8E6C42A60C82}.Debug|x64.Build.0 = Debug|x64
		{4FB2B4CD-6787-4DC1-9C83-8E6C42A60C82}.Debug|x86.ActiveCfg = Debug|Win32
		{4FB2B4CD-6787-4DC1-9C83-8E6C42A60C82}.Debug|x86.Build.0 = Debug|Win32
		{4FB2B4CD-6787-4DC1-9C83-8E6C42A60C82}.Release|x64.ActiveCfg = Release|x64
		{4FB2B4CD-6787-4DC1-9C83-8E6C42A60C82}.Release|x64.Build.0 = Release|x64
		{4FB2B4CD-6787-4DC1-9C83-8E6C42A60C82}.Release|x86.ActiveCfg = Release|Win32
		{4FB2B4CD-6787-4DC1-9C83-8E6C42A60C82}.Release|x86.Build.0 = Release|Win32
	EndGlobalSection
	GlobalSection(SolutionProperties) = preSolution
		HideSolutionNode = FALSE
	EndGlobalSection
	GlobalSection(ExtensibilityGlobals) = postSolution
		SolutionGuid = {78840458-98CF-4EEB-A08D-8FBBA934E2D5}
	EndGlobalSection
EndGlobal
